
Microsoft Visual Studio Solution File, Format Version 12.00
# Visual Studio 14
VisualStudioVersion = 14.0.23107.0
MinimumVisualStudioVersion = 10.0.40219.1
Project("{FAE04EC0-301F-11D3-BF4B-00C04F79EFBC}") = "PhysicsCalculator", "PhysicsCalculator\PhysicsCalculator.csproj", "{8AB0846C-1563-4FBB-B841-1AA264A1F208}"
EndProject
Project("{FAE04EC0-301F-11D3-BF4B-00C04F79EFBC}") = "ConsoleUI", "ConsoleUI\ConsoleUI.csproj", "{F1ECA453-29F3-4FB1-97BF-050FF0D0D48B}"
EndProject
Global
	GlobalSection(SolutionConfigurationPlatforms) = preSolution
		Debug|Any CPU = Debug|Any CPU
		Release|Any CPU = Release|Any CPU
	EndGlobalSection
	GlobalSection(ProjectConfigurationPlatforms) = postSolution
		{8AB0846C-1563-4FBB-B841-1AA264A1F208}.Debug|Any CPU.ActiveCfg = Debug|Any CPU
		{8AB0846C-1563-4FBB-B841-1AA264A1F208}.Debug|Any CPU.Build.0 = Debug|Any CPU
		{8AB0846C-1563-4FBB-B841-1AA264A1F208}.Release|Any CPU.ActiveCfg = Release|Any CPU
		{8AB0846C-1563-4FBB-B841-1AA264A1F208}.Release|Any CPU.Build.0 = Release|Any CPU
		{F1ECA453-29F3-4FB1-97BF-050FF0D0D48B}.Debug|Any CPU.ActiveCfg = Debug|Any CPU
		{F1ECA453-29F3-4FB1-97BF-050FF0D0D48B}.Debug|Any CPU.Build.0 = Debug|Any CPU
		{F1ECA453-29F3-4FB1-97BF-050FF0D0D48B}.Release|Any CPU.ActiveCfg = Release|Any CPU
		{F1ECA453-29F3-4FB1-97BF-050FF0D0D48B}.Release|Any CPU.Build.0 = Release|Any CPU
	EndGlobalSection
	GlobalSection(SolutionProperties) = preSolution
		HideSolutionNode = FALSE
	EndGlobalSection
EndGlobal
